
Microsoft Visual Studio Solution File, Format Version 12.00
# Visual Studio Version 16
VisualStudioVersion = 16.0.31729.503
MinimumVisualStudioVersion = 10.0.40219.1
Project("{FAE04EC0-301F-11D3-BF4B-00C04F79EFBC}") = "Microservico", "Microservico.csproj", "{7C633C87-ED5B-4D1F-98C1-CC3636036F9F}"
EndProject
Global
	GlobalSection(SolutionConfigurationPlatforms) = preSolution
		Debug|Any CPU = Debug|Any CPU
		Release|Any CPU = Release|Any CPU
	EndGlobalSection
	GlobalSection(ProjectConfigurationPlatforms) = postSolution
		{7C633C87-ED5B-4D1F-98C1-CC3636036F9F}.Debug|Any CPU.ActiveCfg = Debug|Any CPU
		{7C633C87-ED5B-4D1F-98C1-CC3636036F9F}.Debug|Any CPU.Build.0 = Debug|Any CPU
		{7C633C87-ED5B-4D1F-98C1-CC3636036F9F}.Release|Any CPU.ActiveCfg = Release|Any CPU
		{7C633C87-ED5B-4D1F-98C1-CC3636036F9F}.Release|Any CPU.Build.0 = Release|Any CPU
	EndGlobalSection
	GlobalSection(SolutionProperties) = preSolution
		HideSolutionNode = FALSE
	EndGlobalSection
	GlobalSection(ExtensibilityGlobals) = postSolution
		SolutionGuid = {832F261D-4292-44DE-BCD2-B6A013048CC3}
	EndGlobalSection
EndGlobal
